// !$*UTF8*$!
{
	archiveVersion = 1;
	classes = {
	};
	objectVersion = 50;
	objects = {

/* Begin PBXBuildFile section */
		133E65C9213BE697009736C0 /* AppDelegate.swift in Sources */ = {isa = PBXBuildFile; fileRef = 133E65C8213BE697009736C0 /* AppDelegate.swift */; };
		133E65CE213BE697009736C0 /* Main.storyboard in Resources */ = {isa = PBXBuildFile; fileRef = 133E65CC213BE697009736C0 /* Main.storyboard */; };
		133E65D0213BE699009736C0 /* Assets.xcassets in Resources */ = {isa = PBXBuildFile; fileRef = 133E65CF213BE699009736C0 /* Assets.xcassets */; };
		133E65D3213BE699009736C0 /* LaunchScreen.storyboard in Resources */ = {isa = PBXBuildFile; fileRef = 133E65D1213BE699009736C0 /* LaunchScreen.storyboard */; };
		133E65DD213BEA6B009736C0 /* CreateEntry.storyboard in Resources */ = {isa = PBXBuildFile; fileRef = 133E65DC213BEA6B009736C0 /* CreateEntry.storyboard */; };
		133E65DF213D4F03009736C0 /* CreateEntry.swift in Sources */ = {isa = PBXBuildFile; fileRef = 133E65DE213D4F03009736C0 /* CreateEntry.swift */; };
		133E65E1213D4F7F009736C0 /* ColorView.swift in Sources */ = {isa = PBXBuildFile; fileRef = 133E65E0213D4F7F009736C0 /* ColorView.swift */; };
		133E65E4213D5B7E009736C0 /* Entry.swift in Sources */ = {isa = PBXBuildFile; fileRef = 133E65E3213D5B7E009736C0 /* Entry.swift */; };
		133E65E6213D5C85009736C0 /* EntryController.swift in Sources */ = {isa = PBXBuildFile; fileRef = 133E65E5213D5C85009736C0 /* EntryController.swift */; };
		1363BE08214BD7750032A02C /* EntryList.storyboard in Resources */ = {isa = PBXBuildFile; fileRef = 1363BE07214BD7750032A02C /* EntryList.storyboard */; };
		1363BE0A214BD9710032A02C /* EntryList.swift in Sources */ = {isa = PBXBuildFile; fileRef = 1363BE09214BD9710032A02C /* EntryList.swift */; };
		13CAC71D2146A20400411AB2 /* KeyboardScrollable.swift in Sources */ = {isa = PBXBuildFile; fileRef = 13CAC71C2146A20400411AB2 /* KeyboardScrollable.swift */; };
/* End PBXBuildFile section */

/* Begin PBXFileReference section */
		133E65C5213BE697009736C0 /* Journal.app */ = {isa = PBXFileReference; explicitFileType = wrapper.application; includeInIndex = 0; path = Journal.app; sourceTree = BUILT_PRODUCTS_DIR; };
		133E65C8213BE697009736C0 /* AppDelegate.swift */ = {isa = PBXFileReference; lastKnownFileType = sourcecode.swift; path = AppDelegate.swift; sourceTree = "<group>"; };
		133E65CD213BE697009736C0 /* Base */ = {isa = PBXFileReference; lastKnownFileType = file.storyboard; name = Base; path = Base.lproj/Main.storyboard; sourceTree = "<group>"; };
		133E65CF213BE699009736C0 /* Assets.xcassets */ = {isa = PBXFileReference; lastKnownFileType = folder.assetcatalog; path = Assets.xcassets; sourceTree = "<group>"; };
		133E65D2213BE699009736C0 /* Base */ = {isa = PBXFileReference; lastKnownFileType = file.storyboard; name = Base; path = Base.lproj/LaunchScreen.storyboard; sourceTree = "<group>"; };
		133E65D4213BE699009736C0 /* Info.plist */ = {isa = PBXFileReference; lastKnownFileType = text.plist.xml; path = Info.plist; sourceTree = "<group>"; };
		133E65DC213BEA6B009736C0 /* CreateEntry.storyboard */ = {isa = PBXFileReference; lastKnownFileType = file.storyboard; path = CreateEntry.storyboard; sourceTree = "<group>"; };
		133E65DE213D4F03009736C0 /* CreateEntry.swift */ = {isa = PBXFileReference; lastKnownFileType = sourcecode.swift; path = CreateEntry.swift; sourceTree = "<group>"; };
		133E65E0213D4F7F009736C0 /* ColorView.swift */ = {isa = PBXFileReference; lastKnownFileType = sourcecode.swift; path = ColorView.swift; sourceTree = "<group>"; };
		133E65E3213D5B7E009736C0 /* Entry.swift */ = {isa = PBXFileReference; lastKnownFileType = sourcecode.swift; path = Entry.swift; sourceTree = "<group>"; };
		133E65E5213D5C85009736C0 /* EntryController.swift */ = {isa = PBXFileReference; lastKnownFileType = sourcecode.swift; path = EntryController.swift; sourceTree = "<group>"; };
		1363BE07214BD7750032A02C /* EntryList.storyboard */ = {isa = PBXFileReference; lastKnownFileType = file.storyboard; path = EntryList.storyboard; sourceTree = "<group>"; };
		1363BE09214BD9710032A02C /* EntryList.swift */ = {isa = PBXFileReference; lastKnownFileType = sourcecode.swift; path = EntryList.swift; sourceTree = "<group>"; };
		13CAC71C2146A20400411AB2 /* KeyboardScrollable.swift */ = {isa = PBXFileReference; lastKnownFileType = sourcecode.swift; path = KeyboardScrollable.swift; sourceTree = "<group>"; };
/* End PBXFileReference section */

/* Begin PBXFrameworksBuildPhase section */
		133E65C2213BE697009736C0 /* Frameworks */ = {
			isa = PBXFrameworksBuildPhase;
			buildActionMask = 2147483647;
			files = (
			);
			runOnlyForDeploymentPostprocessing = 0;
		};
/* End PBXFrameworksBuildPhase section */

/* Begin PBXGroup section */
		133E65BC213BE697009736C0 = {
			isa = PBXGroup;
			children = (
				133E65C7213BE697009736C0 /* Journal */,
				133E65C6213BE697009736C0 /* Products */,
			);
			sourceTree = "<group>";
		};
		133E65C6213BE697009736C0 /* Products */ = {
			isa = PBXGroup;
			children = (
				133E65C5213BE697009736C0 /* Journal.app */,
			);
			name = Products;
			sourceTree = "<group>";
		};
		133E65C7213BE697009736C0 /* Journal */ = {
			isa = PBXGroup;
			children = (
				133E65C8213BE697009736C0 /* AppDelegate.swift */,
				133E65E2213D5B5A009736C0 /* Data */,
				133E65DB213BE8F8009736C0 /* UI */,
				133E65DA213BE753009736C0 /* Resource */,
				13CAC71B2146A1BC00411AB2 /* Helpers */,
			);
			path = Journal;
			sourceTree = "<group>";
		};
		133E65DA213BE753009736C0 /* Resource */ = {
			isa = PBXGroup;
			children = (
				133E65CF213BE699009736C0 /* Assets.xcassets */,
				133E65D1213BE699009736C0 /* LaunchScreen.storyboard */,
				133E65D4213BE699009736C0 /* Info.plist */,
			);
			path = Resource;
			sourceTree = "<group>";
		};
		133E65DB213BE8F8009736C0 /* UI */ = {
			isa = PBXGroup;
			children = (
				133E65CC213BE697009736C0 /* Main.storyboard */,
				1363BE07214BD7750032A02C /* EntryList.storyboard */,
				1363BE09214BD9710032A02C /* EntryList.swift */,
				133E65DC213BEA6B009736C0 /* CreateEntry.storyboard */,
				133E65DE213D4F03009736C0 /* CreateEntry.swift */,
				133E65E0213D4F7F009736C0 /* ColorView.swift */,
			);
			path = UI;
			sourceTree = "<group>";
		};
		133E65E2213D5B5A009736C0 /* Data */ = {
			isa = PBXGroup;
			children = (
				133E65E3213D5B7E009736C0 /* Entry.swift */,
				133E65E5213D5C85009736C0 /* EntryController.swift */,
			);
			path = Data;
			sourceTree = "<group>";
		};
		13CAC71B2146A1BC00411AB2 /* Helpers */ = {
			isa = PBXGroup;
			children = (
				13CAC71C2146A20400411AB2 /* KeyboardScrollable.swift */,
			);
			path = Helpers;
			sourceTree = "<group>";
		};
/* End PBXGroup section */

/* Begin PBXNativeTarget section */
		133E65C4213BE697009736C0 /* Journal */ = {
			isa = PBXNativeTarget;
			buildConfigurationList = 133E65D7213BE699009736C0 /* Build configuration list for PBXNativeTarget "Journal" */;
			buildPhases = (
				133E65C1213BE697009736C0 /* Sources */,
				133E65C2213BE697009736C0 /* Frameworks */,
				133E65C3213BE697009736C0 /* Resources */,
			);
			buildRules = (
			);
			dependencies = (
			);
			name = Journal;
			productName = Journal;
			productReference = 133E65C5213BE697009736C0 /* Journal.app */;
			productType = "com.apple.product-type.application";
		};
/* End PBXNativeTarget section */

/* Begin PBXProject section */
		133E65BD213BE697009736C0 /* Project object */ = {
			isa = PBXProject;
			attributes = {
				LastSwiftUpdateCheck = 0940;
				LastUpgradeCheck = 0940;
				ORGANIZATIONNAME = "Weili Yi";
				TargetAttributes = {
					133E65C4213BE697009736C0 = {
						CreatedOnToolsVersion = 9.4.1;
					};
				};
			};
			buildConfigurationList = 133E65C0213BE697009736C0 /* Build configuration list for PBXProject "Journal" */;
			compatibilityVersion = "Xcode 9.3";
			developmentRegion = en;
			hasScannedForEncodings = 0;
			knownRegions = (
				en,
				Base,
			);
			mainGroup = 133E65BC213BE697009736C0;
			productRefGroup = 133E65C6213BE697009736C0 /* Products */;
			projectDirPath = "";
			projectRoot = "";
			targets = (
				133E65C4213BE697009736C0 /* Journal */,
			);
		};
/* End PBXProject section */

/* Begin PBXResourcesBuildPhase section */
		133E65C3213BE697009736C0 /* Resources */ = {
			isa = PBXResourcesBuildPhase;
			buildActionMask = 2147483647;
			files = (
				133E65D3213BE699009736C0 /* LaunchScreen.storyboard in Resources */,
				133E65D0213BE699009736C0 /* Assets.xcassets in Resources */,
				1363BE08214BD7750032A02C /* EntryList.storyboard in Resources */,
				133E65CE213BE697009736C0 /* Main.storyboard in Resources */,
				133E65DD213BEA6B009736C0 /* CreateEntry.storyboard in Resources */,
			);
			runOnlyForDeploymentPostprocessing = 0;
		};
/* End PBXResourcesBuildPhase section */

/* Begin PBXSourcesBuildPhase section */
		133E65C1213BE697009736C0 /* Sources */ = {
			isa = PBXSourcesBuildPhase;
			buildActionMask = 2147483647;
			files = (
				133E65E4213D5B7E009736C0 /* Entry.swift in Sources */,
				13CAC71D2146A20400411AB2 /* KeyboardScrollable.swift in Sources */,
				133E65E1213D4F7F009736C0 /* ColorView.swift in Sources */,
				1363BE0A214BD9710032A02C /* EntryList.swift in Sources */,
				133E65E6213D5C85009736C0 /* EntryController.swift in Sources */,
				133E65DF213D4F03009736C0 /* CreateEntry.swift in Sources */,
				133E65C9213BE697009736C0 /* AppDelegate.swift in Sources */,
			);
			runOnlyForDeploymentPostprocessing = 0;
		};
/* End PBXSourcesBuildPhase section */

/* Begin PBXVariantGroup section */
		133E65CC213BE697009736C0 /* Main.storyboard */ = {
			isa = PBXVariantGroup;
			children = (
				133E65CD213BE697009736C0 /* Base */,
			);
			name = Main.storyboard;
			sourceTree = "<group>";
		};
		133E65D1213BE699009736C0 /* LaunchScreen.storyboard */ = {
			isa = PBXVariantGroup;
			children = (
				133E65D2213BE699009736C0 /* Base */,
			);
			name = LaunchScreen.storyboard;
			sourceTree = "<group>";
		};
/* End PBXVariantGroup section */

/* Begin XCBuildConfiguration section */
		133E65D5213BE699009736C0 /* Debug */ = {
			isa = XCBuildConfiguration;
			buildSettings = {
				ALWAYS_SEARCH_USER_PATHS = NO;
				CLANG_ANALYZER_NONNULL = YES;
				CLANG_ANALYZER_NUMBER_OBJECT_CONVERSION = YES_AGGRESSIVE;
				CLANG_CXX_LANGUAGE_STANDARD = "gnu++14";
				CLANG_CXX_LIBRARY = "libc++";
				CLANG_ENABLE_MODULES = YES;
				CLANG_ENABLE_OBJC_ARC = YES;
				CLANG_ENABLE_OBJC_WEAK = YES;
				CLANG_WARN_BLOCK_CAPTURE_AUTORELEASING = YES;
				CLANG_WARN_BOOL_CONVERSION = YES;
				CLANG_WARN_COMMA = YES;
				CLANG_WARN_CONSTANT_CONVERSION = YES;
				CLANG_WARN_DEPRECATED_OBJC_IMPLEMENTATIONS = YES;
				CLANG_WARN_DIRECT_OBJC_ISA_USAGE = YES_ERROR;
				CLANG_WARN_DOCUMENTATION_COMMENTS = YES;
				CLANG_WARN_EMPTY_BODY = YES;
				CLANG_WARN_ENUM_CONVERSION = YES;
				CLANG_WARN_INFINITE_RECURSION = YES;
				CLANG_WARN_INT_CONVERSION = YES;
				CLANG_WARN_NON_LITERAL_NULL_CONVERSION = YES;
				CLANG_WARN_OBJC_IMPLICIT_RETAIN_SELF = YES;
				CLANG_WARN_OBJC_LITERAL_CONVERSION = YES;
				CLANG_WARN_OBJC_ROOT_CLASS = YES_ERROR;
				CLANG_WARN_RANGE_LOOP_ANALYSIS = YES;
				CLANG_WARN_STRICT_PROTOTYPES = YES;
				CLANG_WARN_SUSPICIOUS_MOVE = YES;
				CLANG_WARN_UNGUARDED_AVAILABILITY = YES_AGGRESSIVE;
				CLANG_WARN_UNREACHABLE_CODE = YES;
				CLANG_WARN__DUPLICATE_METHOD_MATCH = YES;
				CODE_SIGN_IDENTITY = "iPhone Developer";
				COPY_PHASE_STRIP = NO;
				DEBUG_INFORMATION_FORMAT = dwarf;
				ENABLE_STRICT_OBJC_MSGSEND = YES;
				ENABLE_TESTABILITY = YES;
				GCC_C_LANGUAGE_STANDARD = gnu11;
				GCC_DYNAMIC_NO_PIC = NO;
				GCC_NO_COMMON_BLOCKS = YES;
				GCC_OPTIMIZATION_LEVEL = 0;
				GCC_PREPROCESSOR_DEFINITIONS = (
					"DEBUG=1",
					"$(inherited)",
				);
				GCC_WARN_64_TO_32_BIT_CONVERSION = YES;
				GCC_WARN_ABOUT_RETURN_TYPE = YES_ERROR;
				GCC_WARN_UNDECLARED_SELECTOR = YES;
				GCC_WARN_UNINITIALIZED_AUTOS = YES_AGGRESSIVE;
				GCC_WARN_UNUSED_FUNCTION = YES;
				GCC_WARN_UNUSED_VARIABLE = YES;
				IPHONEOS_DEPLOYMENT_TARGET = 11.4;
				MTL_ENABLE_DEBUG_INFO = YES;
				ONLY_ACTIVE_ARCH = YES;
				SDKROOT = iphoneos;
				SWIFT_ACTIVE_COMPILATION_CONDITIONS = DEBUG;
				SWIFT_OPTIMIZATION_LEVEL = "-Onone";
			};
			name = Debug;
		};
		133E65D6213BE699009736C0 /* Release */ = {
			isa = XCBuildConfiguration;
			buildSettings = {
				ALWAYS_SEARCH_USER_PATHS = NO;
				CLANG_ANALYZER_NONNULL = YES;
				CLANG_ANALYZER_NUMBER_OBJECT_CONVERSION = YES_AGGRESSIVE;
				CLANG_CXX_LANGUAGE_STANDARD = "gnu++14";
				CLANG_CXX_LIBRARY = "libc++";
				CLANG_ENABLE_MODULES = YES;
				CLANG_ENABLE_OBJC_ARC = YES;
				CLANG_ENABLE_OBJC_WEAK = YES;
				CLANG_WARN_BLOCK_CAPTURE_AUTORELEASING = YES;
				CLANG_WARN_BOOL_CONVERSION = YES;
				CLANG_WARN_COMMA = YES;
				CLANG_WARN_CONSTANT_CONVERSION = YES;
				CLANG_WARN_DEPRECATED_OBJC_IMPLEMENTATIONS = YES;
				CLANG_WARN_DIRECT_OBJC_ISA_USAGE = YES_ERROR;
				CLANG_WARN_DOCUMENTATION_COMMENTS = YES;
				CLANG_WARN_EMPTY_BODY = YES;
				CLANG_WARN_ENUM_CONVERSION = YES;
				CLANG_WARN_INFINITE_RECURSION = YES;
				CLANG_WARN_INT_CONVERSION = YES;
				CLANG_WARN_NON_LITERAL_NULL_CONVERSION = YES;
				CLANG_WARN_OBJC_IMPLICIT_RETAIN_SELF = YES;
				CLANG_WARN_OBJC_LITERAL_CONVERSION = YES;
				CLANG_WARN_OBJC_ROOT_CLASS = YES_ERROR;
				CLANG_WARN_RANGE_LOOP_ANALYSIS = YES;
				CLANG_WARN_STRICT_PROTOTYPES = YES;
				CLANG_WARN_SUSPICIOUS_MOVE = YES;
				CLANG_WARN_UNGUARDED_AVAILABILITY = YES_AGGRESSIVE;
				CLANG_WARN_UNREACHABLE_CODE = YES;
				CLANG_WARN__DUPLICATE_METHOD_MATCH = YES;
				CODE_SIGN_IDENTITY = "iPhone Developer";
				COPY_PHASE_STRIP = NO;
				DEBUG_INFORMATION_FORMAT = "dwarf-with-dsym";
				ENABLE_NS_ASSERTIONS = NO;
				ENABLE_STRICT_OBJC_MSGSEND = YES;
				GCC_C_LANGUAGE_STANDARD = gnu11;
				GCC_NO_COMMON_BLOCKS = YES;
				GCC_WARN_64_TO_32_BIT_CONVERSION = YES;
				GCC_WARN_ABOUT_RETURN_TYPE = YES_ERROR;
				GCC_WARN_UNDECLARED_SELECTOR = YES;
				GCC_WARN_UNINITIALIZED_AUTOS = YES_AGGRESSIVE;
				GCC_WARN_UNUSED_FUNCTION = YES;
				GCC_WARN_UNUSED_VARIABLE = YES;
				IPHONEOS_DEPLOYMENT_TARGET = 11.4;
				MTL_ENABLE_DEBUG_INFO = NO;
				SDKROOT = iphoneos;
				SWIFT_COMPILATION_MODE = wholemodule;
				SWIFT_OPTIMIZATION_LEVEL = "-O";
				VALIDATE_PRODUCT = YES;
			};
			name = Release;
		};
		133E65D8213BE699009736C0 /* Debug */ = {
			isa = XCBuildConfiguration;
			buildSettings = {
				ASSETCATALOG_COMPILER_APPICON_NAME = AppIcon;
				CODE_SIGN_STYLE = Automatic;
				DEVELOPMENT_TEAM = BDY4XKUT29;
				INFOPLIST_FILE = "$(SRCROOT)/Journal/Resource/Info.plist";
				LD_RUNPATH_SEARCH_PATHS = (
					"$(inherited)",
					"@executable_path/Frameworks",
				);
				PRODUCT_BUNDLE_IDENTIFIER = net.weiliy.Journal;
				PRODUCT_NAME = "$(TARGET_NAME)";
				SWIFT_VERSION = 4.0;
				TARGETED_DEVICE_FAMILY = "1,2";
			};
			name = Debug;
		};
		133E65D9213BE699009736C0 /* Release */ = {
			isa = XCBuildConfiguration;
			buildSettings = {
				ASSETCATALOG_COMPILER_APPICON_NAME = AppIcon;
				CODE_SIGN_STYLE = Automatic;
				DEVELOPMENT_TEAM = BDY4XKUT29;
				INFOPLIST_FILE = "$(SRCROOT)/Journal/Resource/Info.plist";
				LD_RUNPATH_SEARCH_PATHS = (
					"$(inherited)",
					"@executable_path/Frameworks",
				);
				PRODUCT_BUNDLE_IDENTIFIER = net.weiliy.Journal;
				PRODUCT_NAME = "$(TARGET_NAME)";
				SWIFT_VERSION = 4.0;
				TARGETED_DEVICE_FAMILY = "1,2";
			};
			name = Release;
		};
/* End XCBuildConfiguration section */

/* Begin XCConfigurationList section */
		133E65C0213BE697009736C0 /* Build configuration list for PBXProject "Journal" */ = {
			isa = XCConfigurationList;
			buildConfigurations = (
				133E65D5213BE699009736C0 /* Debug */,
				133E65D6213BE699009736C0 /* Release */,
			);
			defaultConfigurationIsVisible = 0;
			defaultConfigurationName = Release;
		};
		133E65D7213BE699009736C0 /* Build configuration list for PBXNativeTarget "Journal" */ = {
			isa = XCConfigurationList;
			buildConfigurations = (
				133E65D8213BE699009736C0 /* Debug */,
				133E65D9213BE699009736C0 /* Release */,
			);
			defaultConfigurationIsVisible = 0;
			defaultConfigurationName = Release;
		};
/* End XCConfigurationList section */
	};
	rootObject = 133E65BD213BE697009736C0 /* Project object */;
}
